{
	"name": "treeignore",
	"version": "1.0.0",
	"lockfileVersion": 3,
	"requires": true,
	"packages": {
		"": {
			"name": "treeignore",
			"version": "1.0.0",
			"devDependencies": {
				"@types/mocha": "^10.0.8",
				"@types/node": "20.x",
				"@types/vscode": "^1.93.0"
			},
			"engines": {
				"vscode": "^1.93.0"
			}
		},
		"node_modules/@types/mocha": {
			"version": "10.0.8",
			"resolved": "https://registry.npmjs.org/@types/mocha/-/mocha-10.0.8.tgz",
			"integrity": "sha512-HfMcUmy9hTMJh66VNcmeC9iVErIZJli2bszuXc6julh5YGuRb/W5OnkHjwLNYdFlMis0sY3If5SEAp+PktdJjw==",
			"dev": true,
			"license": "MIT"
		},
		"node_modules/@types/node": {
			"version": "20.16.10",
			"resolved": "https://registry.npmjs.org/@types/node/-/node-20.16.10.tgz",
			"integrity": "sha512-vQUKgWTjEIRFCvK6CyriPH3MZYiYlNy0fKiEYHWbcoWLEgs4opurGGKlebrTLqdSMIbXImH6XExNiIyNUv3WpA==",
			"dev": true,
			"license": "MIT",
			"dependencies": {
				"undici-types": "~6.19.2"
			}
		},
		"node_modules/@types/vscode": {
			"version": "1.93.0",
			"resolved": "https://registry.npmjs.org/@types/vscode/-/vscode-1.93.0.tgz",
			"integrity": "sha512-kUK6jAHSR5zY8ps42xuW89NLcBpw1kOabah7yv38J8MyiYuOHxLQBi0e7zeXbQgVefDy/mZZetqEFC+Fl5eIEQ==",
			"dev": true,
			"license": "MIT"
		},
		"node_modules/undici-types": {
			"version": "6.19.8",
			"resolved": "https://registry.npmjs.org/undici-types/-/undici-types-6.19.8.tgz",
			"integrity": "sha512-ve2KP6f/JnbPBFyobGHuerC9g1FYGn/F8n1LWTwNxCEzd6IfqTwUQcNXgEtmmQ6DlRrC1hrSrBnCZPokRrDHjw==",
			"dev": true,
			"license": "MIT"
		}
	}
}
